<?xml version="1.0" encoding="utf-8"?>
<Project ToolsVersion="4.0" xmlns="http://schemas.microsoft.com/developer/msbuild/2003">
  <ItemGroup>
    <Filter Include="Source Files">
      <UniqueIdentifier>{4FC737F1-C7A5-4376-A066-2A32D752A2FF}</UniqueIdentifier>
      <Extensions>cpp;c;cc;cxx;def;odl;idl;hpj;bat;asm;asmx</Extensions>
    </Filter>
    <Filter Include="Resource Files">
      <UniqueIdentifier>{67DA6AB6-F800-4c08-8B7A-83BB121AAD01}</UniqueIdentifier>
      <Extensions>rc;ico;cur;bmp;dlg;rc2;rct;bin;rgs;gif;jpg;jpeg;jpe;resx;tiff;tif;png;wav;mfcribbon-ms</Extensions>
    </Filter>
    <Filter Include="w_server">
      <UniqueIdentifier>{00f9b228-26ee-447d-8525-82dbedc1faae}</UniqueIdentifier>
    </Filter>
    <Filter Include="Framework">
      <UniqueIdentifier>{93995380-89BD-4b04-88EB-625FBE52EBFB}</UniqueIdentifier>
      <Extensions>h;hh;hpp;hxx;hm;inl;inc;xsd</Extensions>
    </Filter>
    <Filter Include="Framework\Enums">
      <UniqueIdentifier>{917e5957-e4e4-4b16-bff5-4281729c7e57}</UniqueIdentifier>
    </Filter>
    <Filter Include="Framework\Utils">
      <UniqueIdentifier>{fdeea356-1cdc-416c-bf16-dbc83aba0e93}</UniqueIdentifier>
    </Filter>
    <Filter Include="world">
      <UniqueIdentifier>{4cf08c84-6611-462f-8f36-971b76f9ce70}</UniqueIdentifier>
    </Filter>
  </ItemGroup>
  <ItemGroup>
    <ClCompile Include="main.cpp">
      <Filter>Source Files</Filter>
    </ClCompile>
    <ClCompile Include="config.cpp">
      <Filter>Framework</Filter>
    </ClCompile>
    <ClCompile Include="utils.cpp">
      <Filter>Framework\Utils</Filter>
    </ClCompile>
    <ClCompile Include="world_server.cpp">
      <Filter>w_server</Filter>
    </ClCompile>
    <ClCompile Include="Stream.cpp">
      <Filter>Framework</Filter>
    </ClCompile>
    <ClCompile Include="jobs.cpp">
      <Filter>Framework</Filter>
    </ClCompile>
    <ClCompile Include="area.cpp">
      <Filter>world</Filter>
    </ClCompile>
    <ClCompile Include="player.cpp">
      <Filter>Source Files</Filter>
    </ClCompile>
  </ItemGroup>
  <ItemGroup>
    <ClInclude Include="typeDefs.h">
      <Filter>Framework</Filter>
    </ClInclude>
    <ClInclude Include="win32.h">
      <Filter>Framework</Filter>
    </ClInclude>
    <ClInclude Include="config.h">
      <Filter>Framework</Filter>
    </ClInclude>
    <ClInclude Include="server_enums.h">
      <Filter>Framework\Enums</Filter>
    </ClInclude>
    <ClInclude Include="utils.h">
      <Filter>Framework\Utils</Filter>
    </ClInclude>
    <ClInclude Include="jobs.h">
      <Filter>Framework</Filter>
    </ClInclude>
    <ClInclude Include="job_enums.h">
      <Filter>Framework\Enums</Filter>
    </ClInclude>
    <ClInclude Include="opcode_enum.h">
      <Filter>Framework\Enums</Filter>
    </ClInclude>
    <ClInclude Include="world_server.h">
      <Filter>w_server</Filter>
    </ClInclude>
    <ClInclude Include="Stream.h">
      <Filter>Framework</Filter>
    </ClInclude>
    <ClInclude Include="area.h">
      <Filter>world</Filter>
    </ClInclude>
    <ClInclude Include="player.h">
      <Filter>world</Filter>
    </ClInclude>
  </ItemGroup>
</Project>